<?xml version="1.0" encoding="UTF-8" standalone="yes" ?>
<CodeBlocks_project_file>
	<FileVersion major="1" minor="6" />
	<Project>
		<Option title="ProyectoJuego" />
		<Option pch_mode="2" />
		<Option compiler="gcc" />
		<Build>
			<Target title="Debug">
				<Option output="bin/Debug/ProyectoJuego" prefix_auto="1" extension_auto="1" />
				<Option object_output="obj/Debug/" />
				<Option type="1" />
				<Option compiler="gcc" />
				<Compiler>
					<Add option="-g" />
				</Compiler>
			</Target>
			<Target title="Release">
				<Option output="bin/Release/ProyectoJuego" prefix_auto="1" extension_auto="1" />
				<Option object_output="obj/Release/" />
				<Option type="1" />
				<Option compiler="gcc" />
				<Compiler>
					<Add option="-O2" />
				</Compiler>
				<Linker>
					<Add option="-s" />
				</Linker>
			</Target>
		</Build>
		<Compiler>
			<Add option="-Wall" />
		</Compiler>
		<Unit filename="400px-Flecha_arriba.svg.png" />
		<Unit filename="Bala.c">
			<Option compilerVar="CC" />
		</Unit>
		<Unit filename="Bala.h" />
		<Unit filename="Colisiones.c">
			<Option compilerVar="CC" />
		</Unit>
		<Unit filename="Colisiones.h" />
		<Unit filename="Ejercito.c">
			<Option compilerVar="CC" />
		</Unit>
		<Unit filename="Ejercito.h" />
		<Unit filename="Enemy.c">
			<Option compilerVar="CC" />
		</Unit>
		<Unit filename="Enemy.h" />
		<Unit filename="Pantalla.c">
			<Option compilerVar="CC" />
		</Unit>
		<Unit filename="Pantalla.h" />
		<Unit filename="Player.c">
			<Option compilerVar="CC" />
		</Unit>
		<Unit filename="Player.h" />
		<Unit filename="Rafaga.c">
			<Option compilerVar="CC" />
		</Unit>
		<Unit filename="Rafaga.h" />
		<Unit filename="apple.bmp" />
		<Unit filename="bala.bmp" />
		<Unit filename="flecha.bmp" />
		<Unit filename="flecha.png" />
		<Unit filename="ground.bmp" />
		<Unit filename="main.c">
			<Option compilerVar="CC" />
		</Unit>
		<Unit filename="main.h" />
		<Unit filename="pelota.bmp" />
		<Unit filename="pelota.png" />
		<Unit filename="tux.bmp" />
		<Extensions>
			<code_completion />
			<envvars />
			<debugger />
		</Extensions>
	</Project>
</CodeBlocks_project_file>
